{
  "name": "masterstroke",
  "version": "1.0.0",
  "lockfileVersion": 2,
  "requires": true,
  "packages": {
    "": {
      "version": "1.0.0",
      "license": "ISC",
      "devDependencies": {
        "svg-parser": "^2.0.4"
      }
    },
    "node_modules/svg-parser": {
      "version": "2.0.4",
      "resolved": "https://registry.npmjs.org/svg-parser/-/svg-parser-2.0.4.tgz",
      "integrity": "sha512-e4hG1hRwoOdRb37cIMSgzNsxyzKfayW6VOflrwvR+/bzrkyxY/31WkbgnQpgtrNp1SdpJvpUAGTa/ZoiPNDuRQ==",
      "dev": true
    }
  },
  "dependencies": {
    "svg-parser": {
      "version": "2.0.4",
      "resolved": "https://registry.npmjs.org/svg-parser/-/svg-parser-2.0.4.tgz",
      "integrity": "sha512-e4hG1hRwoOdRb37cIMSgzNsxyzKfayW6VOflrwvR+/bzrkyxY/31WkbgnQpgtrNp1SdpJvpUAGTa/ZoiPNDuRQ==",
      "dev": true
    }
  }
}
